
Microsoft Visual Studio Solution File, Format Version 12.00
Project("{2150E333-8FDC-42A3-9474-1A3956D46DE8}") = "Data", "Data", "{3A26DD19-688C-42B3-B42B-5588B4B73285}"
EndProject
Project("{FAE04EC0-301F-11D3-BF4B-00C04F79EFBC}") = "Entities", "Entities\Entities.csproj", "{EF4C72E5-E3C2-4174-970F-95261540673E}"
EndProject
Project("{FAE04EC0-301F-11D3-BF4B-00C04F79EFBC}") = "Contexts", "Contexts\Contexts.csproj", "{4F6F195B-2D97-4E77-BDA3-9E16197E5E51}"
EndProject
Project("{2150E333-8FDC-42A3-9474-1A3956D46DE8}") = "Web", "Web", "{AA5BFB04-9266-4DBE-8026-B3B96CA47215}"
EndProject
Project("{FAE04EC0-301F-11D3-BF4B-00C04F79EFBC}") = "Portal", "Portal\Portal.csproj", "{15E340D6-EA94-44BD-836E-2DEC5F8F5F67}"
EndProject
Global
	GlobalSection(SolutionConfigurationPlatforms) = preSolution
		Debug|Any CPU = Debug|Any CPU
		Release|Any CPU = Release|Any CPU
	EndGlobalSection
	GlobalSection(NestedProjects) = preSolution
		{EF4C72E5-E3C2-4174-970F-95261540673E} = {3A26DD19-688C-42B3-B42B-5588B4B73285}
		{4F6F195B-2D97-4E77-BDA3-9E16197E5E51} = {3A26DD19-688C-42B3-B42B-5588B4B73285}
		{15E340D6-EA94-44BD-836E-2DEC5F8F5F67} = {AA5BFB04-9266-4DBE-8026-B3B96CA47215}
	EndGlobalSection
	GlobalSection(ProjectConfigurationPlatforms) = postSolution
		{EF4C72E5-E3C2-4174-970F-95261540673E}.Debug|Any CPU.ActiveCfg = Debug|Any CPU
		{EF4C72E5-E3C2-4174-970F-95261540673E}.Debug|Any CPU.Build.0 = Debug|Any CPU
		{EF4C72E5-E3C2-4174-970F-95261540673E}.Release|Any CPU.ActiveCfg = Release|Any CPU
		{EF4C72E5-E3C2-4174-970F-95261540673E}.Release|Any CPU.Build.0 = Release|Any CPU
		{4F6F195B-2D97-4E77-BDA3-9E16197E5E51}.Debug|Any CPU.ActiveCfg = Debug|Any CPU
		{4F6F195B-2D97-4E77-BDA3-9E16197E5E51}.Debug|Any CPU.Build.0 = Debug|Any CPU
		{4F6F195B-2D97-4E77-BDA3-9E16197E5E51}.Release|Any CPU.ActiveCfg = Release|Any CPU
		{4F6F195B-2D97-4E77-BDA3-9E16197E5E51}.Release|Any CPU.Build.0 = Release|Any CPU
		{15E340D6-EA94-44BD-836E-2DEC5F8F5F67}.Debug|Any CPU.ActiveCfg = Debug|Any CPU
		{15E340D6-EA94-44BD-836E-2DEC5F8F5F67}.Debug|Any CPU.Build.0 = Debug|Any CPU
		{15E340D6-EA94-44BD-836E-2DEC5F8F5F67}.Release|Any CPU.ActiveCfg = Release|Any CPU
		{15E340D6-EA94-44BD-836E-2DEC5F8F5F67}.Release|Any CPU.Build.0 = Release|Any CPU
	EndGlobalSection
EndGlobal
