
Microsoft Visual Studio Solution File, Format Version 12.00
Project("{2150E333-8FDC-42A3-9474-1A3956D46DE8}") = "Data", "Data", "{3A26DD19-688C-42B3-B42B-5588B4B73285}"
EndProject
Project("{FAE04EC0-301F-11D3-BF4B-00C04F79EFBC}") = "Data.Entities", "Data.Entities\Data.Entities.csproj", "{EF4C72E5-E3C2-4174-970F-95261540673E}"
EndProject
Project("{FAE04EC0-301F-11D3-BF4B-00C04F79EFBC}") = "Data.Contexts", "Data.Contexts\Data.Contexts.csproj", "{4F6F195B-2D97-4E77-BDA3-9E16197E5E51}"
EndProject
Project("{2150E333-8FDC-42A3-9474-1A3956D46DE8}") = "Web", "Web", "{AA5BFB04-9266-4DBE-8026-B3B96CA47215}"
EndProject
Project("{FAE04EC0-301F-11D3-BF4B-00C04F79EFBC}") = "Web.Portal", "Web.Portal\Web.Portal.csproj", "{15E340D6-EA94-44BD-836E-2DEC5F8F5F67}"
EndProject
Project("{FAE04EC0-301F-11D3-BF4B-00C04F79EFBC}") = "Data.Services", "Data.Services\Data.Services.csproj", "{5B915DC5-A04C-40E1-9A9B-DA65B7D9B34E}"
EndProject
Project("{FAE04EC0-301F-11D3-BF4B-00C04F79EFBC}") = "Web.Services", "Web.Services\Web.Services.csproj", "{723051BF-9BE4-4217-9C5C-46C0C328FF00}"
EndProject
Project("{FAE04EC0-301F-11D3-BF4B-00C04F79EFBC}") = "Web.Models", "Web.Models\Web.Models.csproj", "{0D2B018C-78CF-453E-A8F6-689E5B76D2E6}"
EndProject
Project("{FAE04EC0-301F-11D3-BF4B-00C04F79EFBC}") = "Web.Localization", "Web.Localization\Web.Localization.csproj", "{9B879BC1-DD83-439F-AD40-30676781AFBE}"
EndProject
Project("{2150E333-8FDC-42A3-9474-1A3956D46DE8}") = "Automation", "Automation", "{E07147DA-24C1-492D-A5D8-B3BDDA6E40A5}"
EndProject
Project("{2150E333-8FDC-42A3-9474-1A3956D46DE8}") = "Utilities", "Utilities", "{E14CEF38-FB8E-4657-B442-B1BF87F45EDB}"
EndProject
Project("{FAE04EC0-301F-11D3-BF4B-00C04F79EFBC}") = "Utilities.Common", "Utilities.Common\Utilities.Common.csproj", "{FDCCD05D-A3DA-4C18-AD29-3547186BECCD}"
EndProject
Project("{FAE04EC0-301F-11D3-BF4B-00C04F79EFBC}") = "Automation.Bot", "Automation.Bot\Automation.Bot.csproj", "{B177CC00-495F-4746-86AB-DB628E096E9A}"
EndProject
Project("{FAE04EC0-301F-11D3-BF4B-00C04F79EFBC}") = "Automation.Services", "Automation.Services\Automation.Services.csproj", "{F5D5A207-8096-455C-938A-1F77CAD72941}"
EndProject
Global
	GlobalSection(SolutionConfigurationPlatforms) = preSolution
		Debug|Any CPU = Debug|Any CPU
		Release|Any CPU = Release|Any CPU
	EndGlobalSection
	GlobalSection(NestedProjects) = preSolution
		{EF4C72E5-E3C2-4174-970F-95261540673E} = {3A26DD19-688C-42B3-B42B-5588B4B73285}
		{4F6F195B-2D97-4E77-BDA3-9E16197E5E51} = {3A26DD19-688C-42B3-B42B-5588B4B73285}
		{15E340D6-EA94-44BD-836E-2DEC5F8F5F67} = {AA5BFB04-9266-4DBE-8026-B3B96CA47215}
		{5B915DC5-A04C-40E1-9A9B-DA65B7D9B34E} = {3A26DD19-688C-42B3-B42B-5588B4B73285}
		{723051BF-9BE4-4217-9C5C-46C0C328FF00} = {AA5BFB04-9266-4DBE-8026-B3B96CA47215}
		{0D2B018C-78CF-453E-A8F6-689E5B76D2E6} = {AA5BFB04-9266-4DBE-8026-B3B96CA47215}
		{9B879BC1-DD83-439F-AD40-30676781AFBE} = {AA5BFB04-9266-4DBE-8026-B3B96CA47215}
		{FDCCD05D-A3DA-4C18-AD29-3547186BECCD} = {E14CEF38-FB8E-4657-B442-B1BF87F45EDB}
		{B177CC00-495F-4746-86AB-DB628E096E9A} = {E07147DA-24C1-492D-A5D8-B3BDDA6E40A5}
		{F5D5A207-8096-455C-938A-1F77CAD72941} = {E07147DA-24C1-492D-A5D8-B3BDDA6E40A5}
	EndGlobalSection
	GlobalSection(ProjectConfigurationPlatforms) = postSolution
		{EF4C72E5-E3C2-4174-970F-95261540673E}.Debug|Any CPU.ActiveCfg = Debug|Any CPU
		{EF4C72E5-E3C2-4174-970F-95261540673E}.Debug|Any CPU.Build.0 = Debug|Any CPU
		{EF4C72E5-E3C2-4174-970F-95261540673E}.Release|Any CPU.ActiveCfg = Release|Any CPU
		{EF4C72E5-E3C2-4174-970F-95261540673E}.Release|Any CPU.Build.0 = Release|Any CPU
		{4F6F195B-2D97-4E77-BDA3-9E16197E5E51}.Debug|Any CPU.ActiveCfg = Debug|Any CPU
		{4F6F195B-2D97-4E77-BDA3-9E16197E5E51}.Debug|Any CPU.Build.0 = Debug|Any CPU
		{4F6F195B-2D97-4E77-BDA3-9E16197E5E51}.Release|Any CPU.ActiveCfg = Release|Any CPU
		{4F6F195B-2D97-4E77-BDA3-9E16197E5E51}.Release|Any CPU.Build.0 = Release|Any CPU
		{15E340D6-EA94-44BD-836E-2DEC5F8F5F67}.Debug|Any CPU.ActiveCfg = Debug|Any CPU
		{15E340D6-EA94-44BD-836E-2DEC5F8F5F67}.Debug|Any CPU.Build.0 = Debug|Any CPU
		{15E340D6-EA94-44BD-836E-2DEC5F8F5F67}.Release|Any CPU.ActiveCfg = Release|Any CPU
		{15E340D6-EA94-44BD-836E-2DEC5F8F5F67}.Release|Any CPU.Build.0 = Release|Any CPU
		{5B915DC5-A04C-40E1-9A9B-DA65B7D9B34E}.Debug|Any CPU.ActiveCfg = Debug|Any CPU
		{5B915DC5-A04C-40E1-9A9B-DA65B7D9B34E}.Debug|Any CPU.Build.0 = Debug|Any CPU
		{5B915DC5-A04C-40E1-9A9B-DA65B7D9B34E}.Release|Any CPU.ActiveCfg = Release|Any CPU
		{5B915DC5-A04C-40E1-9A9B-DA65B7D9B34E}.Release|Any CPU.Build.0 = Release|Any CPU
		{723051BF-9BE4-4217-9C5C-46C0C328FF00}.Debug|Any CPU.ActiveCfg = Debug|Any CPU
		{723051BF-9BE4-4217-9C5C-46C0C328FF00}.Debug|Any CPU.Build.0 = Debug|Any CPU
		{723051BF-9BE4-4217-9C5C-46C0C328FF00}.Release|Any CPU.ActiveCfg = Release|Any CPU
		{723051BF-9BE4-4217-9C5C-46C0C328FF00}.Release|Any CPU.Build.0 = Release|Any CPU
		{0D2B018C-78CF-453E-A8F6-689E5B76D2E6}.Debug|Any CPU.ActiveCfg = Debug|Any CPU
		{0D2B018C-78CF-453E-A8F6-689E5B76D2E6}.Debug|Any CPU.Build.0 = Debug|Any CPU
		{0D2B018C-78CF-453E-A8F6-689E5B76D2E6}.Release|Any CPU.ActiveCfg = Release|Any CPU
		{0D2B018C-78CF-453E-A8F6-689E5B76D2E6}.Release|Any CPU.Build.0 = Release|Any CPU
		{9B879BC1-DD83-439F-AD40-30676781AFBE}.Debug|Any CPU.ActiveCfg = Debug|Any CPU
		{9B879BC1-DD83-439F-AD40-30676781AFBE}.Debug|Any CPU.Build.0 = Debug|Any CPU
		{9B879BC1-DD83-439F-AD40-30676781AFBE}.Release|Any CPU.ActiveCfg = Release|Any CPU
		{9B879BC1-DD83-439F-AD40-30676781AFBE}.Release|Any CPU.Build.0 = Release|Any CPU
		{FDCCD05D-A3DA-4C18-AD29-3547186BECCD}.Debug|Any CPU.ActiveCfg = Debug|Any CPU
		{FDCCD05D-A3DA-4C18-AD29-3547186BECCD}.Debug|Any CPU.Build.0 = Debug|Any CPU
		{FDCCD05D-A3DA-4C18-AD29-3547186BECCD}.Release|Any CPU.ActiveCfg = Release|Any CPU
		{FDCCD05D-A3DA-4C18-AD29-3547186BECCD}.Release|Any CPU.Build.0 = Release|Any CPU
		{B177CC00-495F-4746-86AB-DB628E096E9A}.Debug|Any CPU.ActiveCfg = Debug|Any CPU
		{B177CC00-495F-4746-86AB-DB628E096E9A}.Debug|Any CPU.Build.0 = Debug|Any CPU
		{B177CC00-495F-4746-86AB-DB628E096E9A}.Release|Any CPU.ActiveCfg = Release|Any CPU
		{B177CC00-495F-4746-86AB-DB628E096E9A}.Release|Any CPU.Build.0 = Release|Any CPU
		{F5D5A207-8096-455C-938A-1F77CAD72941}.Debug|Any CPU.ActiveCfg = Debug|Any CPU
		{F5D5A207-8096-455C-938A-1F77CAD72941}.Debug|Any CPU.Build.0 = Debug|Any CPU
		{F5D5A207-8096-455C-938A-1F77CAD72941}.Release|Any CPU.ActiveCfg = Release|Any CPU
		{F5D5A207-8096-455C-938A-1F77CAD72941}.Release|Any CPU.Build.0 = Release|Any CPU
	EndGlobalSection
EndGlobal
