
Microsoft Visual Studio Solution File, Format Version 12.00
Project("{2150E333-8FDC-42A3-9474-1A3956D46DE8}") = "Data", "Data", "{3A26DD19-688C-42B3-B42B-5588B4B73285}"
EndProject
Project("{FAE04EC0-301F-11D3-BF4B-00C04F79EFBC}") = "Data.Entities", "Data.Entities\Data.Entities.csproj", "{EF4C72E5-E3C2-4174-970F-95261540673E}"
EndProject
Project("{FAE04EC0-301F-11D3-BF4B-00C04F79EFBC}") = "Data.Contexts", "Data.Contexts\Data.Contexts.csproj", "{4F6F195B-2D97-4E77-BDA3-9E16197E5E51}"
EndProject
Project("{2150E333-8FDC-42A3-9474-1A3956D46DE8}") = "Web", "Web", "{AA5BFB04-9266-4DBE-8026-B3B96CA47215}"
EndProject
Project("{FAE04EC0-301F-11D3-BF4B-00C04F79EFBC}") = "Web.Portal", "Web.Portal\Web.Portal.csproj", "{15E340D6-EA94-44BD-836E-2DEC5F8F5F67}"
EndProject
Project("{FAE04EC0-301F-11D3-BF4B-00C04F79EFBC}") = "Data.Services", "Data.Services\Data.Services.csproj", "{5B915DC5-A04C-40E1-9A9B-DA65B7D9B34E}"
EndProject
Project("{FAE04EC0-301F-11D3-BF4B-00C04F79EFBC}") = "Web.Services", "Web.Services\Web.Services.csproj", "{723051BF-9BE4-4217-9C5C-46C0C328FF00}"
EndProject
Project("{FAE04EC0-301F-11D3-BF4B-00C04F79EFBC}") = "Web.Models", "Web.Models\Web.Models.csproj", "{0D2B018C-78CF-453E-A8F6-689E5B76D2E6}"
EndProject
Global
	GlobalSection(SolutionConfigurationPlatforms) = preSolution
		Debug|Any CPU = Debug|Any CPU
		Release|Any CPU = Release|Any CPU
	EndGlobalSection
	GlobalSection(NestedProjects) = preSolution
		{EF4C72E5-E3C2-4174-970F-95261540673E} = {3A26DD19-688C-42B3-B42B-5588B4B73285}
		{4F6F195B-2D97-4E77-BDA3-9E16197E5E51} = {3A26DD19-688C-42B3-B42B-5588B4B73285}
		{15E340D6-EA94-44BD-836E-2DEC5F8F5F67} = {AA5BFB04-9266-4DBE-8026-B3B96CA47215}
		{5B915DC5-A04C-40E1-9A9B-DA65B7D9B34E} = {3A26DD19-688C-42B3-B42B-5588B4B73285}
		{723051BF-9BE4-4217-9C5C-46C0C328FF00} = {AA5BFB04-9266-4DBE-8026-B3B96CA47215}
		{0D2B018C-78CF-453E-A8F6-689E5B76D2E6} = {AA5BFB04-9266-4DBE-8026-B3B96CA47215}
	EndGlobalSection
	GlobalSection(ProjectConfigurationPlatforms) = postSolution
		{EF4C72E5-E3C2-4174-970F-95261540673E}.Debug|Any CPU.ActiveCfg = Debug|Any CPU
		{EF4C72E5-E3C2-4174-970F-95261540673E}.Debug|Any CPU.Build.0 = Debug|Any CPU
		{EF4C72E5-E3C2-4174-970F-95261540673E}.Release|Any CPU.ActiveCfg = Release|Any CPU
		{EF4C72E5-E3C2-4174-970F-95261540673E}.Release|Any CPU.Build.0 = Release|Any CPU
		{4F6F195B-2D97-4E77-BDA3-9E16197E5E51}.Debug|Any CPU.ActiveCfg = Debug|Any CPU
		{4F6F195B-2D97-4E77-BDA3-9E16197E5E51}.Debug|Any CPU.Build.0 = Debug|Any CPU
		{4F6F195B-2D97-4E77-BDA3-9E16197E5E51}.Release|Any CPU.ActiveCfg = Release|Any CPU
		{4F6F195B-2D97-4E77-BDA3-9E16197E5E51}.Release|Any CPU.Build.0 = Release|Any CPU
		{15E340D6-EA94-44BD-836E-2DEC5F8F5F67}.Debug|Any CPU.ActiveCfg = Debug|Any CPU
		{15E340D6-EA94-44BD-836E-2DEC5F8F5F67}.Debug|Any CPU.Build.0 = Debug|Any CPU
		{15E340D6-EA94-44BD-836E-2DEC5F8F5F67}.Release|Any CPU.ActiveCfg = Release|Any CPU
		{15E340D6-EA94-44BD-836E-2DEC5F8F5F67}.Release|Any CPU.Build.0 = Release|Any CPU
		{5B915DC5-A04C-40E1-9A9B-DA65B7D9B34E}.Debug|Any CPU.ActiveCfg = Debug|Any CPU
		{5B915DC5-A04C-40E1-9A9B-DA65B7D9B34E}.Debug|Any CPU.Build.0 = Debug|Any CPU
		{5B915DC5-A04C-40E1-9A9B-DA65B7D9B34E}.Release|Any CPU.ActiveCfg = Release|Any CPU
		{5B915DC5-A04C-40E1-9A9B-DA65B7D9B34E}.Release|Any CPU.Build.0 = Release|Any CPU
		{723051BF-9BE4-4217-9C5C-46C0C328FF00}.Debug|Any CPU.ActiveCfg = Debug|Any CPU
		{723051BF-9BE4-4217-9C5C-46C0C328FF00}.Debug|Any CPU.Build.0 = Debug|Any CPU
		{723051BF-9BE4-4217-9C5C-46C0C328FF00}.Release|Any CPU.ActiveCfg = Release|Any CPU
		{723051BF-9BE4-4217-9C5C-46C0C328FF00}.Release|Any CPU.Build.0 = Release|Any CPU
		{0D2B018C-78CF-453E-A8F6-689E5B76D2E6}.Debug|Any CPU.ActiveCfg = Debug|Any CPU
		{0D2B018C-78CF-453E-A8F6-689E5B76D2E6}.Debug|Any CPU.Build.0 = Debug|Any CPU
		{0D2B018C-78CF-453E-A8F6-689E5B76D2E6}.Release|Any CPU.ActiveCfg = Release|Any CPU
		{0D2B018C-78CF-453E-A8F6-689E5B76D2E6}.Release|Any CPU.Build.0 = Release|Any CPU
	EndGlobalSection
EndGlobal
